
Microsoft Visual Studio Solution File, Format Version 12.00
# Visual Studio Version 17
VisualStudioVersion = 17.6.33829.357
MinimumVisualStudioVersion = 10.0.40219.1
Project("{2150E333-8FDC-42A3-9474-1A3956D46DE8}") = "Services", "Services", "{A8C108B7-37B5-4165-95BA-58DFCFBAEBFA}"
EndProject
Project("{2150E333-8FDC-42A3-9474-1A3956D46DE8}") = "CatalogMicroservice", "CatalogMicroservice", "{CDB03F08-4D71-4B58-A23C-A8CB9907C82D}"
EndProject
Project("{9A19103F-16F7-4668-BE54-9A1E7A4F7556}") = "AkademiPusMicroservice.Catalog", "Services\Catalog\AkademiPusMicroservice.Catalog\AkademiPusMicroservice.Catalog.csproj", "{52578086-73A7-4672-8282-4EE9D2093E91}"
EndProject
Project("{2150E333-8FDC-42A3-9474-1A3956D46DE8}") = "Shared", "Shared", "{B56FB976-56ED-4736-947B-8C423DBEB0D9}"
EndProject
Project("{9A19103F-16F7-4668-BE54-9A1E7A4F7556}") = "AkademiPlusMicroService.Shared", "Shared\AkademiPlusMicroService.Shared\AkademiPlusMicroService.Shared.csproj", "{134873CB-0034-4E6C-A324-013945C6626D}"
EndProject
Project("{2150E333-8FDC-42A3-9474-1A3956D46DE8}") = "IdentityServer", "IdentityServer", "{766A3779-3A9F-46DD-86D2-835BA7175F61}"
EndProject
Project("{9A19103F-16F7-4668-BE54-9A1E7A4F7556}") = "AkademiPlusIdentityServer", "IdentityServer\AkademiPlusIdentityServer\AkademiPlusIdentityServer.csproj", "{7F0695D2-81BC-4E35-BA33-7D5696700094}"
EndProject
Project("{2150E333-8FDC-42A3-9474-1A3956D46DE8}") = "Discount", "Discount", "{01D16747-A8DF-4486-A1FC-96615DEF70BA}"
EndProject
Project("{9A19103F-16F7-4668-BE54-9A1E7A4F7556}") = "AkademiPlusMicroservice.Discount", "Discount\AkademiPlusMicroservice.Discount\AkademiPlusMicroservice.Discount.csproj", "{3033BFD3-2DFC-469E-B975-7D2B9426245D}"
EndProject
Project("{2150E333-8FDC-42A3-9474-1A3956D46DE8}") = "Basket", "Basket", "{E651E5D9-CF54-4C66-BF8F-50B7A659D038}"
EndProject
Project("{9A19103F-16F7-4668-BE54-9A1E7A4F7556}") = "AkademiPlusMicroservice.Basket", "Basket\AkademiPlusMicroservice.Basket\AkademiPlusMicroservice.Basket.csproj", "{B495B53B-56F6-4E25-BA8C-D95D8D89B0AE}"
EndProject
Project("{2150E333-8FDC-42A3-9474-1A3956D46DE8}") = "Order", "Order", "{5892D36E-B146-413D-9602-944E944ECAF2}"
EndProject
Project("{2150E333-8FDC-42A3-9474-1A3956D46DE8}") = "Core", "Core", "{6D5175E4-D8CB-4252-91A5-03335DB916FB}"
EndProject
Project("{2150E333-8FDC-42A3-9474-1A3956D46DE8}") = "Presentation", "Presentation", "{D5B99F20-28A7-4B5E-8DA0-EB5D52903D62}"
EndProject
Project("{9A19103F-16F7-4668-BE54-9A1E7A4F7556}") = "AkademiPlusMicrpservice.Order.Core.Application", "Service\Order\Core\AkademiPlusMicrpservice.Order.Core.Application\AkademiPlusMicrpservice.Order.Core.Application.csproj", "{892E0122-3225-42F8-A525-AE1598D49B30}"
EndProject
Project("{9A19103F-16F7-4668-BE54-9A1E7A4F7556}") = "AkademiPlusMicroService.Order.Core.Domain", "Service\Order\Core\Domain\AkademiPlusMicroService.Order.Core.Domain\AkademiPlusMicroService.Order.Core.Domain.csproj", "{97891793-17F3-4897-8844-3F6E9A719007}"
EndProject
Project("{9A19103F-16F7-4668-BE54-9A1E7A4F7556}") = "AkademiPlusMicroService.Services.Order.Presentation.Api", "Services\Order\Presentation\AkademiPlusMicroService.Services.Order.Presentation.Api\AkademiPlusMicroService.Services.Order.Presentation.Api.csproj", "{8DEBFB94-2492-4E5D-B45C-F374D6B36340}"
EndProject
Project("{2150E333-8FDC-42A3-9474-1A3956D46DE8}") = "Infrastructure", "Infrastructure", "{5B75745C-780C-42D6-9D3D-4D4EAFC3B2A7}"
EndProject
Project("{9A19103F-16F7-4668-BE54-9A1E7A4F7556}") = "IEA.Microservice.Services.Order.Infrastructure.Persistance", "Services\Order\Infrastructure\IEA.Microservice.Services.Order.Infrastructure.Persistance\IEA.Microservice.Services.Order.Infrastructure.Persistance.csproj", "{5776C77D-D220-44FC-A45D-042D9CB640E9}"
EndProject
Project("{2150E333-8FDC-42A3-9474-1A3956D46DE8}") = "Cargo", "Cargo", "{D7248EE9-EEDD-428B-963C-DCEF7F0BF9C7}"
EndProject
Project("{9A19103F-16F7-4668-BE54-9A1E7A4F7556}") = "EntityLayer", "EntityLayer\EntityLayer.csproj", "{650041FC-9534-4BDF-9489-7430360B0E99}"
EndProject
Project("{9A19103F-16F7-4668-BE54-9A1E7A4F7556}") = "BusunessLayer", "BusunessLayer\BusunessLayer.csproj", "{6C950685-57F7-46B3-AC93-421E3691A518}"
EndProject
Project("{9A19103F-16F7-4668-BE54-9A1E7A4F7556}") = "DataAccessLayer", "DataAccessLayer\DataAccessLayer.csproj", "{527BF7F8-5496-4FC0-8EB9-2F71B2438340}"
EndProject
Project("{9A19103F-16F7-4668-BE54-9A1E7A4F7556}") = "Presentation", "Presentation\Presentation.csproj", "{0C5BB628-6634-445C-B6C4-509146098CB1}"
EndProject
Project("{2150E333-8FDC-42A3-9474-1A3956D46DE8}") = "Gateways", "Gateways", "{FFBBAA43-24B6-4EDE-A711-129E3A04E0B6}"
EndProject
Project("{9A19103F-16F7-4668-BE54-9A1E7A4F7556}") = "AkademiPlusMicroService.Gateway", "Gateway\AkademiPlusMicroService.Gateway\AkademiPlusMicroService.Gateway.csproj", "{24C5C116-79B7-449E-9939-61AB4B20E385}"
EndProject
Project("{2150E333-8FDC-42A3-9474-1A3956D46DE8}") = "FrontEnd", "FrontEnd", "{D019D459-198F-4C01-8F16-64193F9FF55D}"
EndProject
Project("{9A19103F-16F7-4668-BE54-9A1E7A4F7556}") = "AkademiPlusMicroService.WebUI", "FrontEnd\AkademiPlusMicroService.WebUI\AkademiPlusMicroService.WebUI.csproj", "{065F7E66-20D3-4F51-9689-16F65919E352}"
EndProject
Project("{2150E333-8FDC-42A3-9474-1A3956D46DE8}") = "Sharedd", "Sharedd", "{9FDC1D5C-96DE-4D77-9D59-748DF4DE096B}"
EndProject
Project("{FAE04EC0-301F-11D3-BF4B-00C04F79EFBC}") = "AkademiPlusMicroService.Sharedd", "Sharedd\AkademiPlusMicroService.Sharedd\AkademiPlusMicroService.Sharedd.csproj", "{6DBCAFAD-E642-4653-A584-6070A15F2C5F}"
EndProject
Global
	GlobalSection(SolutionConfigurationPlatforms) = preSolution
		Debug|Any CPU = Debug|Any CPU
		Release|Any CPU = Release|Any CPU
	EndGlobalSection
	GlobalSection(ProjectConfigurationPlatforms) = postSolution
		{52578086-73A7-4672-8282-4EE9D2093E91}.Debug|Any CPU.ActiveCfg = Debug|Any CPU
		{52578086-73A7-4672-8282-4EE9D2093E91}.Debug|Any CPU.Build.0 = Debug|Any CPU
		{52578086-73A7-4672-8282-4EE9D2093E91}.Release|Any CPU.ActiveCfg = Release|Any CPU
		{52578086-73A7-4672-8282-4EE9D2093E91}.Release|Any CPU.Build.0 = Release|Any CPU
		{134873CB-0034-4E6C-A324-013945C6626D}.Debug|Any CPU.ActiveCfg = Debug|Any CPU
		{134873CB-0034-4E6C-A324-013945C6626D}.Debug|Any CPU.Build.0 = Debug|Any CPU
		{134873CB-0034-4E6C-A324-013945C6626D}.Release|Any CPU.ActiveCfg = Release|Any CPU
		{134873CB-0034-4E6C-A324-013945C6626D}.Release|Any CPU.Build.0 = Release|Any CPU
		{7F0695D2-81BC-4E35-BA33-7D5696700094}.Debug|Any CPU.ActiveCfg = Debug|Any CPU
		{7F0695D2-81BC-4E35-BA33-7D5696700094}.Debug|Any CPU.Build.0 = Debug|Any CPU
		{7F0695D2-81BC-4E35-BA33-7D5696700094}.Release|Any CPU.ActiveCfg = Release|Any CPU
		{7F0695D2-81BC-4E35-BA33-7D5696700094}.Release|Any CPU.Build.0 = Release|Any CPU
		{3033BFD3-2DFC-469E-B975-7D2B9426245D}.Debug|Any CPU.ActiveCfg = Debug|Any CPU
		{3033BFD3-2DFC-469E-B975-7D2B9426245D}.Debug|Any CPU.Build.0 = Debug|Any CPU
		{3033BFD3-2DFC-469E-B975-7D2B9426245D}.Release|Any CPU.ActiveCfg = Release|Any CPU
		{3033BFD3-2DFC-469E-B975-7D2B9426245D}.Release|Any CPU.Build.0 = Release|Any CPU
		{B495B53B-56F6-4E25-BA8C-D95D8D89B0AE}.Debug|Any CPU.ActiveCfg = Debug|Any CPU
		{B495B53B-56F6-4E25-BA8C-D95D8D89B0AE}.Debug|Any CPU.Build.0 = Debug|Any CPU
		{B495B53B-56F6-4E25-BA8C-D95D8D89B0AE}.Release|Any CPU.ActiveCfg = Release|Any CPU
		{B495B53B-56F6-4E25-BA8C-D95D8D89B0AE}.Release|Any CPU.Build.0 = Release|Any CPU
		{892E0122-3225-42F8-A525-AE1598D49B30}.Debug|Any CPU.ActiveCfg = Debug|Any CPU
		{892E0122-3225-42F8-A525-AE1598D49B30}.Debug|Any CPU.Build.0 = Debug|Any CPU
		{892E0122-3225-42F8-A525-AE1598D49B30}.Release|Any CPU.ActiveCfg = Release|Any CPU
		{892E0122-3225-42F8-A525-AE1598D49B30}.Release|Any CPU.Build.0 = Release|Any CPU
		{97891793-17F3-4897-8844-3F6E9A719007}.Debug|Any CPU.ActiveCfg = Debug|Any CPU
		{97891793-17F3-4897-8844-3F6E9A719007}.Debug|Any CPU.Build.0 = Debug|Any CPU
		{97891793-17F3-4897-8844-3F6E9A719007}.Release|Any CPU.ActiveCfg = Release|Any CPU
		{97891793-17F3-4897-8844-3F6E9A719007}.Release|Any CPU.Build.0 = Release|Any CPU
		{8DEBFB94-2492-4E5D-B45C-F374D6B36340}.Debug|Any CPU.ActiveCfg = Debug|Any CPU
		{8DEBFB94-2492-4E5D-B45C-F374D6B36340}.Debug|Any CPU.Build.0 = Debug|Any CPU
		{8DEBFB94-2492-4E5D-B45C-F374D6B36340}.Release|Any CPU.ActiveCfg = Release|Any CPU
		{8DEBFB94-2492-4E5D-B45C-F374D6B36340}.Release|Any CPU.Build.0 = Release|Any CPU
		{5776C77D-D220-44FC-A45D-042D9CB640E9}.Debug|Any CPU.ActiveCfg = Debug|Any CPU
		{5776C77D-D220-44FC-A45D-042D9CB640E9}.Debug|Any CPU.Build.0 = Debug|Any CPU
		{5776C77D-D220-44FC-A45D-042D9CB640E9}.Release|Any CPU.ActiveCfg = Release|Any CPU
		{5776C77D-D220-44FC-A45D-042D9CB640E9}.Release|Any CPU.Build.0 = Release|Any CPU
		{650041FC-9534-4BDF-9489-7430360B0E99}.Debug|Any CPU.ActiveCfg = Debug|Any CPU
		{650041FC-9534-4BDF-9489-7430360B0E99}.Debug|Any CPU.Build.0 = Debug|Any CPU
		{650041FC-9534-4BDF-9489-7430360B0E99}.Release|Any CPU.ActiveCfg = Release|Any CPU
		{650041FC-9534-4BDF-9489-7430360B0E99}.Release|Any CPU.Build.0 = Release|Any CPU
		{6C950685-57F7-46B3-AC93-421E3691A518}.Debug|Any CPU.ActiveCfg = Debug|Any CPU
		{6C950685-57F7-46B3-AC93-421E3691A518}.Debug|Any CPU.Build.0 = Debug|Any CPU
		{6C950685-57F7-46B3-AC93-421E3691A518}.Release|Any CPU.ActiveCfg = Release|Any CPU
		{6C950685-57F7-46B3-AC93-421E3691A518}.Release|Any CPU.Build.0 = Release|Any CPU
		{527BF7F8-5496-4FC0-8EB9-2F71B2438340}.Debug|Any CPU.ActiveCfg = Debug|Any CPU
		{527BF7F8-5496-4FC0-8EB9-2F71B2438340}.Debug|Any CPU.Build.0 = Debug|Any CPU
		{527BF7F8-5496-4FC0-8EB9-2F71B2438340}.Release|Any CPU.ActiveCfg = Release|Any CPU
		{527BF7F8-5496-4FC0-8EB9-2F71B2438340}.Release|Any CPU.Build.0 = Release|Any CPU
		{0C5BB628-6634-445C-B6C4-509146098CB1}.Debug|Any CPU.ActiveCfg = Debug|Any CPU
		{0C5BB628-6634-445C-B6C4-509146098CB1}.Debug|Any CPU.Build.0 = Debug|Any CPU
		{0C5BB628-6634-445C-B6C4-509146098CB1}.Release|Any CPU.ActiveCfg = Release|Any CPU
		{0C5BB628-6634-445C-B6C4-509146098CB1}.Release|Any CPU.Build.0 = Release|Any CPU
		{24C5C116-79B7-449E-9939-61AB4B20E385}.Debug|Any CPU.ActiveCfg = Debug|Any CPU
		{24C5C116-79B7-449E-9939-61AB4B20E385}.Debug|Any CPU.Build.0 = Debug|Any CPU
		{24C5C116-79B7-449E-9939-61AB4B20E385}.Release|Any CPU.ActiveCfg = Release|Any CPU
		{24C5C116-79B7-449E-9939-61AB4B20E385}.Release|Any CPU.Build.0 = Release|Any CPU
		{065F7E66-20D3-4F51-9689-16F65919E352}.Debug|Any CPU.ActiveCfg = Debug|Any CPU
		{065F7E66-20D3-4F51-9689-16F65919E352}.Debug|Any CPU.Build.0 = Debug|Any CPU
		{065F7E66-20D3-4F51-9689-16F65919E352}.Release|Any CPU.ActiveCfg = Release|Any CPU
		{065F7E66-20D3-4F51-9689-16F65919E352}.Release|Any CPU.Build.0 = Release|Any CPU
		{6DBCAFAD-E642-4653-A584-6070A15F2C5F}.Debug|Any CPU.ActiveCfg = Debug|Any CPU
		{6DBCAFAD-E642-4653-A584-6070A15F2C5F}.Debug|Any CPU.Build.0 = Debug|Any CPU
		{6DBCAFAD-E642-4653-A584-6070A15F2C5F}.Release|Any CPU.ActiveCfg = Release|Any CPU
		{6DBCAFAD-E642-4653-A584-6070A15F2C5F}.Release|Any CPU.Build.0 = Release|Any CPU
	EndGlobalSection
	GlobalSection(SolutionProperties) = preSolution
		HideSolutionNode = FALSE
	EndGlobalSection
	GlobalSection(NestedProjects) = preSolution
		{CDB03F08-4D71-4B58-A23C-A8CB9907C82D} = {A8C108B7-37B5-4165-95BA-58DFCFBAEBFA}
		{52578086-73A7-4672-8282-4EE9D2093E91} = {CDB03F08-4D71-4B58-A23C-A8CB9907C82D}
		{134873CB-0034-4E6C-A324-013945C6626D} = {B56FB976-56ED-4736-947B-8C423DBEB0D9}
		{7F0695D2-81BC-4E35-BA33-7D5696700094} = {766A3779-3A9F-46DD-86D2-835BA7175F61}
		{01D16747-A8DF-4486-A1FC-96615DEF70BA} = {A8C108B7-37B5-4165-95BA-58DFCFBAEBFA}
		{3033BFD3-2DFC-469E-B975-7D2B9426245D} = {01D16747-A8DF-4486-A1FC-96615DEF70BA}
		{E651E5D9-CF54-4C66-BF8F-50B7A659D038} = {A8C108B7-37B5-4165-95BA-58DFCFBAEBFA}
		{B495B53B-56F6-4E25-BA8C-D95D8D89B0AE} = {E651E5D9-CF54-4C66-BF8F-50B7A659D038}
		{5892D36E-B146-413D-9602-944E944ECAF2} = {A8C108B7-37B5-4165-95BA-58DFCFBAEBFA}
		{6D5175E4-D8CB-4252-91A5-03335DB916FB} = {5892D36E-B146-413D-9602-944E944ECAF2}
		{D5B99F20-28A7-4B5E-8DA0-EB5D52903D62} = {5892D36E-B146-413D-9602-944E944ECAF2}
		{892E0122-3225-42F8-A525-AE1598D49B30} = {6D5175E4-D8CB-4252-91A5-03335DB916FB}
		{97891793-17F3-4897-8844-3F6E9A719007} = {6D5175E4-D8CB-4252-91A5-03335DB916FB}
		{8DEBFB94-2492-4E5D-B45C-F374D6B36340} = {D5B99F20-28A7-4B5E-8DA0-EB5D52903D62}
		{5B75745C-780C-42D6-9D3D-4D4EAFC3B2A7} = {5892D36E-B146-413D-9602-944E944ECAF2}
		{5776C77D-D220-44FC-A45D-042D9CB640E9} = {5B75745C-780C-42D6-9D3D-4D4EAFC3B2A7}
		{D7248EE9-EEDD-428B-963C-DCEF7F0BF9C7} = {A8C108B7-37B5-4165-95BA-58DFCFBAEBFA}
		{650041FC-9534-4BDF-9489-7430360B0E99} = {D7248EE9-EEDD-428B-963C-DCEF7F0BF9C7}
		{6C950685-57F7-46B3-AC93-421E3691A518} = {D7248EE9-EEDD-428B-963C-DCEF7F0BF9C7}
		{527BF7F8-5496-4FC0-8EB9-2F71B2438340} = {D7248EE9-EEDD-428B-963C-DCEF7F0BF9C7}
		{0C5BB628-6634-445C-B6C4-509146098CB1} = {D7248EE9-EEDD-428B-963C-DCEF7F0BF9C7}
		{24C5C116-79B7-449E-9939-61AB4B20E385} = {FFBBAA43-24B6-4EDE-A711-129E3A04E0B6}
		{065F7E66-20D3-4F51-9689-16F65919E352} = {D019D459-198F-4C01-8F16-64193F9FF55D}
		{6DBCAFAD-E642-4653-A584-6070A15F2C5F} = {9FDC1D5C-96DE-4D77-9D59-748DF4DE096B}
	EndGlobalSection
	GlobalSection(ExtensibilityGlobals) = postSolution
		SolutionGuid = {C3A820AA-B8DD-46D4-A97C-55CA6D275F6C}
	EndGlobalSection
EndGlobal
